
Microsoft Visual Studio Solution File, Format Version 12.00
# Visual Studio Version 16
VisualStudioVersion = 16.0.30523.141
MinimumVisualStudioVersion = 10.0.40219.1
Project("{888888A0-9F3D-457C-B088-3A5042F75D52}") = "Pryamie", "Pryamie.pyproj", "{2116BD00-CB21-4552-850F-A28D5ABA15AD}"
EndProject
Global
	GlobalSection(SolutionConfigurationPlatforms) = preSolution
		Debug|Any CPU = Debug|Any CPU
		Release|Any CPU = Release|Any CPU
	EndGlobalSection
	GlobalSection(ProjectConfigurationPlatforms) = postSolution
		{2116BD00-CB21-4552-850F-A28D5ABA15AD}.Debug|Any CPU.ActiveCfg = Debug|Any CPU
		{2116BD00-CB21-4552-850F-A28D5ABA15AD}.Release|Any CPU.ActiveCfg = Release|Any CPU
	EndGlobalSection
	GlobalSection(SolutionProperties) = preSolution
		HideSolutionNode = FALSE
	EndGlobalSection
	GlobalSection(ExtensibilityGlobals) = postSolution
		SolutionGuid = {A7AA1202-0CE5-42AF-9599-C263C2B2FF52}
	EndGlobalSection
EndGlobal
